// !$*UTF8*$!
{
	archiveVersion = 1;
	classes = {
	};
	objectVersion = 42;
	objects = {

/* Begin PBXBuildFile section */
		5337D5CC09557D1300CCFA02 /* Reversi.framework in Frameworks */ = {isa = PBXBuildFile; fileRef = 53C397CD095566D700E6E128 /* Reversi.framework */; };
		5337D5EF09557D2300CCFA02 /* AlphaBeta.framework in Frameworks */ = {isa = PBXBuildFile; fileRef = 8DC2EF5B0486A6940098B216 /* AlphaBeta.framework */; };
		53B45868094C7B2800E1D64E /* AlphaBeta.h in Headers */ = {isa = PBXBuildFile; fileRef = 53B45866094C7B2700E1D64E /* AlphaBeta.h */; settings = {ATTRIBUTES = (Public, ); }; };
		53B45885094C7C4300E1D64E /* TTTState.m in Sources */ = {isa = PBXBuildFile; fileRef = 53B45884094C7C4300E1D64E /* TTTState.m */; };
		53B4588A094C7C8A00E1D64E /* TTTMove.m in Sources */ = {isa = PBXBuildFile; fileRef = 53B45889094C7C8A00E1D64E /* TTTMove.m */; };
		53B458A0094C8E7100E1D64E /* TTTUnit.m in Sources */ = {isa = PBXBuildFile; fileRef = 53B4589F094C8E7100E1D64E /* TTTUnit.m */; };
		53B4591D094C9BEF00E1D64E /* Foundation.framework in Frameworks */ = {isa = PBXBuildFile; fileRef = 0867D69BFE84028FC02AAC07 /* Foundation.framework */; };
		53C397DF0955673F00E6E128 /* ReversiUnit.m in Sources */ = {isa = PBXBuildFile; fileRef = 53C397DE0955673F00E6E128 /* ReversiUnit.m */; };
		53C397E40955681C00E6E128 /* ReversiState.h in Headers */ = {isa = PBXBuildFile; fileRef = 53C397E20955681C00E6E128 /* ReversiState.h */; };
		53C397E50955681C00E6E128 /* ReversiState.m in Sources */ = {isa = PBXBuildFile; fileRef = 53C397E30955681C00E6E128 /* ReversiState.m */; };
		53C397E80955682D00E6E128 /* ReversiMove.h in Headers */ = {isa = PBXBuildFile; fileRef = 53C397E60955682D00E6E128 /* ReversiMove.h */; };
		53C397E90955682D00E6E128 /* ReversiMove.m in Sources */ = {isa = PBXBuildFile; fileRef = 53C397E70955682D00E6E128 /* ReversiMove.m */; };
		53F5D647095436DF008D0B74 /* AlphaBetaUnit.m in Sources */ = {isa = PBXBuildFile; fileRef = 53F5D646095436DF008D0B74 /* AlphaBetaUnit.m */; };
		53F5D6CB09543C8C008D0B74 /* AlphaBeta.m in Sources */ = {isa = PBXBuildFile; fileRef = 53B45867094C7B2800E1D64E /* AlphaBeta.m */; };
		53F5D6CE09543D07008D0B74 /* AlphaBeta.m in Sources */ = {isa = PBXBuildFile; fileRef = 53B45867094C7B2800E1D64E /* AlphaBeta.m */; };
		53F5D93E0954A560008D0B74 /* AlphaBetaState.h in Headers */ = {isa = PBXBuildFile; fileRef = 53F5D93C0954A560008D0B74 /* AlphaBetaState.h */; };
		8DC2EF530486A6940098B216 /* InfoPlist.strings in Resources */ = {isa = PBXBuildFile; fileRef = 089C1666FE841158C02AAC07 /* InfoPlist.strings */; };
/* End PBXBuildFile section */

/* Begin PBXBuildStyle section */
		014CEA440018CDF011CA2923 /* Debug */ = {
			isa = PBXBuildStyle;
			buildSettings = {
				COPY_PHASE_STRIP = NO;
				GCC_DYNAMIC_NO_PIC = NO;
				GCC_ENABLE_FIX_AND_CONTINUE = YES;
				GCC_GENERATE_DEBUGGING_SYMBOLS = YES;
				GCC_OPTIMIZATION_LEVEL = 0;
				ZERO_LINK = YES;
			};
			name = Debug;
		};
		014CEA450018CDF011CA2923 /* Release */ = {
			isa = PBXBuildStyle;
			buildSettings = {
				COPY_PHASE_STRIP = YES;
				GCC_ENABLE_FIX_AND_CONTINUE = NO;
				ZERO_LINK = NO;
			};
			name = Release;
		};
/* End PBXBuildStyle section */

/* Begin PBXContainerItemProxy section */
		53B4587E094C7C0400E1D64E /* PBXContainerItemProxy */ = {
			isa = PBXContainerItemProxy;
			containerPortal = 0867D690FE84028FC02AAC07 /* Project object */;
			proxyType = 1;
			remoteGlobalIDString = 8DC2EF4F0486A6940098B216;
			remoteInfo = AlphaBeta;
		};
		53C397D6095566E500E6E128 /* PBXContainerItemProxy */ = {
			isa = PBXContainerItemProxy;
			containerPortal = 0867D690FE84028FC02AAC07 /* Project object */;
			proxyType = 1;
			remoteGlobalIDString = 53C397CC095566D700E6E128;
			remoteInfo = Reversi;
		};
/* End PBXContainerItemProxy section */

/* Begin PBXFileReference section */
		0867D69BFE84028FC02AAC07 /* Foundation.framework */ = {isa = PBXFileReference; lastKnownFileType = wrapper.framework; name = Foundation.framework; path = /System/Library/Frameworks/Foundation.framework; sourceTree = "<absolute>"; };
		089C1667FE841158C02AAC07 /* English */ = {isa = PBXFileReference; fileEncoding = 10; lastKnownFileType = text.plist.strings; name = English; path = English.lproj/InfoPlist.strings; sourceTree = "<group>"; };
		32DBCF5E0370ADEE00C91783 /* AlphaBeta_Prefix.pch */ = {isa = PBXFileReference; fileEncoding = 4; lastKnownFileType = sourcecode.c.h; path = AlphaBeta_Prefix.pch; sourceTree = "<group>"; };
		53B45866094C7B2700E1D64E /* AlphaBeta.h */ = {isa = PBXFileReference; fileEncoding = 4; lastKnownFileType = sourcecode.c.h; path = AlphaBeta.h; sourceTree = "<group>"; };
		53B45867094C7B2800E1D64E /* AlphaBeta.m */ = {isa = PBXFileReference; fileEncoding = 4; lastKnownFileType = sourcecode.c.objc; path = AlphaBeta.m; sourceTree = "<group>"; };
		53B45878094C7BFA00E1D64E /* UnitTests.octest */ = {isa = PBXFileReference; explicitFileType = wrapper.cfbundle; includeInIndex = 0; path = UnitTests.octest; sourceTree = BUILT_PRODUCTS_DIR; };
		53B45879094C7BFA00E1D64E /* UnitTests-Info.plist */ = {isa = PBXFileReference; lastKnownFileType = text.xml; path = "UnitTests-Info.plist"; sourceTree = "<group>"; };
		53B45883094C7C4300E1D64E /* TTTState.h */ = {isa = PBXFileReference; fileEncoding = 4; lastKnownFileType = sourcecode.c.h; path = TTTState.h; sourceTree = "<group>"; };
		53B45884094C7C4300E1D64E /* TTTState.m */ = {isa = PBXFileReference; fileEncoding = 4; lastKnownFileType = sourcecode.c.objc; path = TTTState.m; sourceTree = "<group>"; };
		53B45888094C7C8A00E1D64E /* TTTMove.h */ = {isa = PBXFileReference; fileEncoding = 4; lastKnownFileType = sourcecode.c.h; path = TTTMove.h; sourceTree = "<group>"; };
		53B45889094C7C8A00E1D64E /* TTTMove.m */ = {isa = PBXFileReference; fileEncoding = 4; lastKnownFileType = sourcecode.c.objc; path = TTTMove.m; sourceTree = "<group>"; };
		53B4589E094C8E7100E1D64E /* TTTUnit.h */ = {isa = PBXFileReference; fileEncoding = 4; lastKnownFileType = sourcecode.c.h; path = TTTUnit.h; sourceTree = "<group>"; };
		53B4589F094C8E7100E1D64E /* TTTUnit.m */ = {isa = PBXFileReference; fileEncoding = 4; lastKnownFileType = sourcecode.c.objc; path = TTTUnit.m; sourceTree = "<group>"; };
		53C397CD095566D700E6E128 /* Reversi.framework */ = {isa = PBXFileReference; explicitFileType = wrapper.framework; includeInIndex = 0; path = Reversi.framework; sourceTree = BUILT_PRODUCTS_DIR; };
		53C397CE095566D700E6E128 /* Reversi-Info.plist */ = {isa = PBXFileReference; lastKnownFileType = text.xml; path = "Reversi-Info.plist"; sourceTree = "<group>"; };
		53C397DD0955673F00E6E128 /* ReversiUnit.h */ = {isa = PBXFileReference; fileEncoding = 4; lastKnownFileType = sourcecode.c.h; path = ReversiUnit.h; sourceTree = "<group>"; };
		53C397DE0955673F00E6E128 /* ReversiUnit.m */ = {isa = PBXFileReference; fileEncoding = 4; lastKnownFileType = sourcecode.c.objc; path = ReversiUnit.m; sourceTree = "<group>"; };
		53C397E20955681C00E6E128 /* ReversiState.h */ = {isa = PBXFileReference; fileEncoding = 4; lastKnownFileType = sourcecode.c.h; path = ReversiState.h; sourceTree = "<group>"; };
		53C397E30955681C00E6E128 /* ReversiState.m */ = {isa = PBXFileReference; fileEncoding = 4; lastKnownFileType = sourcecode.c.objc; path = ReversiState.m; sourceTree = "<group>"; };
		53C397E60955682D00E6E128 /* ReversiMove.h */ = {isa = PBXFileReference; fileEncoding = 4; lastKnownFileType = sourcecode.c.h; path = ReversiMove.h; sourceTree = "<group>"; };
		53C397E70955682D00E6E128 /* ReversiMove.m */ = {isa = PBXFileReference; fileEncoding = 4; lastKnownFileType = sourcecode.c.objc; path = ReversiMove.m; sourceTree = "<group>"; };
		53F5D645095436DF008D0B74 /* AlphaBetaUnit.h */ = {isa = PBXFileReference; fileEncoding = 4; lastKnownFileType = sourcecode.c.h; path = AlphaBetaUnit.h; sourceTree = "<group>"; };
		53F5D646095436DF008D0B74 /* AlphaBetaUnit.m */ = {isa = PBXFileReference; fileEncoding = 4; lastKnownFileType = sourcecode.c.objc; path = AlphaBetaUnit.m; sourceTree = "<group>"; };
		53F5D93C0954A560008D0B74 /* AlphaBetaState.h */ = {isa = PBXFileReference; fileEncoding = 4; lastKnownFileType = sourcecode.c.h; path = AlphaBetaState.h; sourceTree = "<group>"; };
		8DC2EF5A0486A6940098B216 /* Info.plist */ = {isa = PBXFileReference; fileEncoding = 4; lastKnownFileType = text.plist; path = Info.plist; sourceTree = "<group>"; };
		8DC2EF5B0486A6940098B216 /* AlphaBeta.framework */ = {isa = PBXFileReference; explicitFileType = wrapper.framework; includeInIndex = 0; path = AlphaBeta.framework; sourceTree = BUILT_PRODUCTS_DIR; };
/* End PBXFileReference section */

/* Begin PBXFrameworksBuildPhase section */
		53B45875094C7BFA00E1D64E /* Frameworks */ = {
			isa = PBXFrameworksBuildPhase;
			buildActionMask = 2147483647;
			files = (
				5337D5CC09557D1300CCFA02 /* Reversi.framework in Frameworks */,
				5337D5EF09557D2300CCFA02 /* AlphaBeta.framework in Frameworks */,
			);
			runOnlyForDeploymentPostprocessing = 0;
		};
		53C397CB095566D700E6E128 /* Frameworks */ = {
			isa = PBXFrameworksBuildPhase;
			buildActionMask = 2147483647;
			files = (
			);
			runOnlyForDeploymentPostprocessing = 0;
		};
		8DC2EF560486A6940098B216 /* Frameworks */ = {
			isa = PBXFrameworksBuildPhase;
			buildActionMask = 2147483647;
			files = (
				53B4591D094C9BEF00E1D64E /* Foundation.framework in Frameworks */,
			);
			runOnlyForDeploymentPostprocessing = 0;
		};
/* End PBXFrameworksBuildPhase section */

/* Begin PBXGroup section */
		034768DFFF38A50411DB9C8B /* Products */ = {
			isa = PBXGroup;
			children = (
				8DC2EF5B0486A6940098B216 /* AlphaBeta.framework */,
				53B45878094C7BFA00E1D64E /* UnitTests.octest */,
				53C397CD095566D700E6E128 /* Reversi.framework */,
			);
			name = Products;
			sourceTree = "<group>";
		};
		0867D691FE84028FC02AAC07 /* AlphaBeta */ = {
			isa = PBXGroup;
			children = (
				08FB77AEFE84172EC02AAC07 /* Classes */,
				53C397D8095566F700E6E128 /* Reversi */,
				53B45871094C7BCB00E1D64E /* UnitTests */,
				32C88DFF0371C24200C91783 /* Other Sources */,
				089C1665FE841158C02AAC07 /* Resources */,
				0867D69AFE84028FC02AAC07 /* External Frameworks and Libraries */,
				034768DFFF38A50411DB9C8B /* Products */,
				53B45879094C7BFA00E1D64E /* UnitTests-Info.plist */,
				53C397CE095566D700E6E128 /* Reversi-Info.plist */,
			);
			name = AlphaBeta;
			sourceTree = "<group>";
		};
		0867D69AFE84028FC02AAC07 /* External Frameworks and Libraries */ = {
			isa = PBXGroup;
			children = (
				1058C7B0FEA5585E11CA2CBB /* Linked Frameworks */,
				1058C7B2FEA5585E11CA2CBB /* Other Frameworks */,
			);
			name = "External Frameworks and Libraries";
			sourceTree = "<group>";
		};
		089C1665FE841158C02AAC07 /* Resources */ = {
			isa = PBXGroup;
			children = (
				8DC2EF5A0486A6940098B216 /* Info.plist */,
				089C1666FE841158C02AAC07 /* InfoPlist.strings */,
			);
			name = Resources;
			sourceTree = "<group>";
		};
		08FB77AEFE84172EC02AAC07 /* Classes */ = {
			isa = PBXGroup;
			children = (
				53B45866094C7B2700E1D64E /* AlphaBeta.h */,
				53B45867094C7B2800E1D64E /* AlphaBeta.m */,
				53F5D93C0954A560008D0B74 /* AlphaBetaState.h */,
			);
			name = Classes;
			sourceTree = "<group>";
		};
		1058C7B0FEA5585E11CA2CBB /* Linked Frameworks */ = {
			isa = PBXGroup;
			children = (
			);
			name = "Linked Frameworks";
			sourceTree = "<group>";
		};
		1058C7B2FEA5585E11CA2CBB /* Other Frameworks */ = {
			isa = PBXGroup;
			children = (
				0867D69BFE84028FC02AAC07 /* Foundation.framework */,
			);
			name = "Other Frameworks";
			sourceTree = "<group>";
		};
		32C88DFF0371C24200C91783 /* Other Sources */ = {
			isa = PBXGroup;
			children = (
				32DBCF5E0370ADEE00C91783 /* AlphaBeta_Prefix.pch */,
			);
			name = "Other Sources";
			sourceTree = "<group>";
		};
		53B45871094C7BCB00E1D64E /* UnitTests */ = {
			isa = PBXGroup;
			children = (
				53B45883094C7C4300E1D64E /* TTTState.h */,
				53B45884094C7C4300E1D64E /* TTTState.m */,
				53B45888094C7C8A00E1D64E /* TTTMove.h */,
				53B45889094C7C8A00E1D64E /* TTTMove.m */,
				53B4589E094C8E7100E1D64E /* TTTUnit.h */,
				53B4589F094C8E7100E1D64E /* TTTUnit.m */,
				53F5D645095436DF008D0B74 /* AlphaBetaUnit.h */,
				53F5D646095436DF008D0B74 /* AlphaBetaUnit.m */,
				53C397DD0955673F00E6E128 /* ReversiUnit.h */,
				53C397DE0955673F00E6E128 /* ReversiUnit.m */,
			);
			name = UnitTests;
			sourceTree = "<group>";
		};
		53C397D8095566F700E6E128 /* Reversi */ = {
			isa = PBXGroup;
			children = (
				53C397E60955682D00E6E128 /* ReversiMove.h */,
				53C397E70955682D00E6E128 /* ReversiMove.m */,
				53C397E20955681C00E6E128 /* ReversiState.h */,
				53C397E30955681C00E6E128 /* ReversiState.m */,
			);
			name = Reversi;
			sourceTree = "<group>";
		};
/* End PBXGroup section */

/* Begin PBXHeadersBuildPhase section */
		53C397C8095566D700E6E128 /* Headers */ = {
			isa = PBXHeadersBuildPhase;
			buildActionMask = 2147483647;
			files = (
				53C397E40955681C00E6E128 /* ReversiState.h in Headers */,
				53C397E80955682D00E6E128 /* ReversiMove.h in Headers */,
			);
			runOnlyForDeploymentPostprocessing = 0;
		};
		8DC2EF500486A6940098B216 /* Headers */ = {
			isa = PBXHeadersBuildPhase;
			buildActionMask = 2147483647;
			files = (
				53B45868094C7B2800E1D64E /* AlphaBeta.h in Headers */,
				53F5D93E0954A560008D0B74 /* AlphaBetaState.h in Headers */,
			);
			runOnlyForDeploymentPostprocessing = 0;
		};
/* End PBXHeadersBuildPhase section */

/* Begin PBXNativeTarget section */
		53B45877094C7BFA00E1D64E /* UnitTests */ = {
			isa = PBXNativeTarget;
			buildConfigurationList = 53B4587A094C7BFB00E1D64E /* Build configuration list for PBXNativeTarget "UnitTests" */;
			buildPhases = (
				53B45873094C7BFA00E1D64E /* Resources */,
				53B45874094C7BFA00E1D64E /* Sources */,
				53B45875094C7BFA00E1D64E /* Frameworks */,
				53B45876094C7BFA00E1D64E /* ShellScript */,
			);
			buildRules = (
			);
			buildSettings = {
				GCC_ENABLE_OBJC_EXCEPTIONS = YES;
				GCC_GENERATE_DEBUGGING_SYMBOLS = NO;
				GCC_MODEL_TUNING = G5;
				GCC_PRECOMPILE_PREFIX_HEADER = YES;
				GCC_PREFIX_HEADER = "$(SYSTEM_LIBRARY_DIR)/Frameworks/Cocoa.framework/Headers/Cocoa.h";
				INFOPLIST_FILE = "UnitTests-Info.plist";
				INSTALL_PATH = "$(USER_LIBRARY_DIR)/Bundles";
				LIBRARY_STYLE = BUNDLE;
				OPTIMIZATION_CFLAGS = "";
				OTHER_CFLAGS = "";
				OTHER_LDFLAGS = (
					"-framework",
					Cocoa,
					"-framework",
					SenTestingKit,
				);
				OTHER_REZFLAGS = "";
				PREBINDING = NO;
				PRODUCT_NAME = UnitTests;
				SECTORDER_FLAGS = "";
				WARNING_CFLAGS = (
					"-Wmost",
					"-Wno-four-char-constants",
					"-Wno-unknown-pragmas",
				);
				WRAPPER_EXTENSION = octest;
			};
			dependencies = (
				53B4587F094C7C0400E1D64E /* PBXTargetDependency */,
				53C397D7095566E500E6E128 /* PBXTargetDependency */,
			);
			name = UnitTests;
			productName = UnitTests;
			productReference = 53B45878094C7BFA00E1D64E /* UnitTests.octest */;
			productSettingsXML = "<?xml version=\"1.0\" encoding=\"UTF-8\"?>
<!DOCTYPE plist PUBLIC \"-//Apple Computer//DTD PLIST 1.0//EN\" \"http://www.apple.com/DTDs/PropertyList-1.0.dtd\">
<plist version=\"1.0\">
<dict>
	<key>CFBundleDevelopmentRegion</key>
	<string>English</string>
	<key>CFBundleExecutable</key>
	<string>UnitTests</string>
	<key>CFBundleIdentifier</key>
	<string>com.yourcompany.UnitTests</string>
	<key>CFBundleInfoDictionaryVersion</key>
	<string>6.0</string>
	<key>CFBundlePackageType</key>
	<string>APPL</string>
	<key>CFBundleSignature</key>
	<string>????</string>
	<key>CFBundleVersion</key>
	<string>1.0</string>
</dict>
</plist>
";
			productType = "com.apple.product-type.bundle";
		};
		53C397CC095566D700E6E128 /* Reversi */ = {
			isa = PBXNativeTarget;
			buildConfigurationList = 53C397D2095566D800E6E128 /* Build configuration list for PBXNativeTarget "Reversi" */;
			buildPhases = (
				53C397C8095566D700E6E128 /* Headers */,
				53C397C9095566D700E6E128 /* Resources */,
				53C397CA095566D700E6E128 /* Sources */,
				53C397CB095566D700E6E128 /* Frameworks */,
			);
			buildRules = (
			);
			buildSettings = {
				DYLIB_COMPATIBILITY_VERSION = 1;
				DYLIB_CURRENT_VERSION = 1;
				FRAMEWORK_VERSION = A;
				GCC_GENERATE_DEBUGGING_SYMBOLS = NO;
				GCC_MODEL_TUNING = G5;
				GCC_PRECOMPILE_PREFIX_HEADER = YES;
				GCC_PREFIX_HEADER = "$(SYSTEM_LIBRARY_DIR)/Frameworks/AppKit.framework/Headers/AppKit.h";
				INFOPLIST_FILE = "Reversi-Info.plist";
				INSTALL_PATH = "$(LOCAL_LIBRARY_DIR)/Frameworks";
				OPTIMIZATION_CFLAGS = "";
				OTHER_CFLAGS = "";
				OTHER_LDFLAGS = (
					"-framework",
					Foundation,
					"-framework",
					AppKit,
				);
				OTHER_REZFLAGS = "";
				PREBINDING = NO;
				PRODUCT_NAME = Reversi;
				SECTORDER_FLAGS = "";
				WARNING_CFLAGS = (
					"-Wmost",
					"-Wno-four-char-constants",
					"-Wno-unknown-pragmas",
				);
			};
			dependencies = (
			);
			name = Reversi;
			productName = Reversi;
			productReference = 53C397CD095566D700E6E128 /* Reversi.framework */;
			productSettingsXML = "<?xml version=\"1.0\" encoding=\"UTF-8\"?>
<!DOCTYPE plist PUBLIC \"-//Apple Computer//DTD PLIST 1.0//EN\" \"http://www.apple.com/DTDs/PropertyList-1.0.dtd\">
<plist version=\"1.0\">
<dict>
	<key>CFBundleDevelopmentRegion</key>
	<string>English</string>
	<key>CFBundleExecutable</key>
	<string>Reversi</string>
	<key>CFBundleIdentifier</key>
	<string>com.yourcompany.Reversi</string>
	<key>CFBundleInfoDictionaryVersion</key>
	<string>6.0</string>
	<key>CFBundlePackageType</key>
	<string>FMWK</string>
	<key>CFBundleSignature</key>
	<string>????</string>
	<key>CFBundleVersion</key>
	<string>1.0</string>
</dict>
</plist>
";
			productType = "com.apple.product-type.framework";
		};
		8DC2EF4F0486A6940098B216 /* AlphaBeta */ = {
			isa = PBXNativeTarget;
			buildConfigurationList = 53B4585C094C7B2300E1D64E /* Build configuration list for PBXNativeTarget "AlphaBeta" */;
			buildPhases = (
				8DC2EF500486A6940098B216 /* Headers */,
				8DC2EF520486A6940098B216 /* Resources */,
				8DC2EF540486A6940098B216 /* Sources */,
				8DC2EF560486A6940098B216 /* Frameworks */,
			);
			buildRules = (
			);
			buildSettings = {
				DYLIB_COMPATIBILITY_VERSION = 1;
				DYLIB_CURRENT_VERSION = 1;
				FRAMEWORK_VERSION = A;
				GCC_GENERATE_DEBUGGING_SYMBOLS = NO;
				GCC_MODEL_TUNING = G5;
				GCC_PRECOMPILE_PREFIX_HEADER = YES;
				GCC_PREFIX_HEADER = AlphaBeta_Prefix.pch;
				GCC_WARN_ABOUT_RETURN_TYPE = YES;
				GCC_WARN_UNUSED_VARIABLE = YES;
				INFOPLIST_FILE = Info.plist;
				INSTALL_PATH = "$(HOME)/Library/Frameworks";
				LIBRARY_STYLE = DYNAMIC;
				PREBINDING = NO;
				PRODUCT_NAME = AlphaBeta;
				WRAPPER_EXTENSION = framework;
			};
			dependencies = (
			);
			name = AlphaBeta;
			productInstallPath = "$(HOME)/Library/Frameworks";
			productName = AlphaBeta;
			productReference = 8DC2EF5B0486A6940098B216 /* AlphaBeta.framework */;
			productType = "com.apple.product-type.framework";
		};
/* End PBXNativeTarget section */

/* Begin PBXProject section */
		0867D690FE84028FC02AAC07 /* Project object */ = {
			isa = PBXProject;
			buildConfigurationList = 53B45860094C7B2300E1D64E /* Build configuration list for PBXProject "AlphaBeta" */;
			buildSettings = {
			};
			buildStyles = (
				014CEA440018CDF011CA2923 /* Debug */,
				014CEA450018CDF011CA2923 /* Release */,
			);
			hasScannedForEncodings = 1;
			mainGroup = 0867D691FE84028FC02AAC07 /* AlphaBeta */;
			productRefGroup = 034768DFFF38A50411DB9C8B /* Products */;
			projectDirPath = "";
			targets = (
				8DC2EF4F0486A6940098B216 /* AlphaBeta */,
				53B45877094C7BFA00E1D64E /* UnitTests */,
				53C397CC095566D700E6E128 /* Reversi */,
			);
		};
/* End PBXProject section */

/* Begin PBXResourcesBuildPhase section */
		53B45873094C7BFA00E1D64E /* Resources */ = {
			isa = PBXResourcesBuildPhase;
			buildActionMask = 2147483647;
			files = (
			);
			runOnlyForDeploymentPostprocessing = 0;
		};
		53C397C9095566D700E6E128 /* Resources */ = {
			isa = PBXResourcesBuildPhase;
			buildActionMask = 2147483647;
			files = (
			);
			runOnlyForDeploymentPostprocessing = 0;
		};
		8DC2EF520486A6940098B216 /* Resources */ = {
			isa = PBXResourcesBuildPhase;
			buildActionMask = 2147483647;
			files = (
				8DC2EF530486A6940098B216 /* InfoPlist.strings in Resources */,
			);
			runOnlyForDeploymentPostprocessing = 0;
		};
/* End PBXResourcesBuildPhase section */

/* Begin PBXShellScriptBuildPhase section */
		53B45876094C7BFA00E1D64E /* ShellScript */ = {
			isa = PBXShellScriptBuildPhase;
			buildActionMask = 2147483647;
			files = (
			);
			inputPaths = (
			);
			outputPaths = (
			);
			runOnlyForDeploymentPostprocessing = 0;
			shellPath = /bin/sh;
			shellScript = "# Run the unit tests in this test bundle.\n\"${SYSTEM_DEVELOPER_DIR}/Tools/RunUnitTests\"\n";
		};
/* End PBXShellScriptBuildPhase section */

/* Begin PBXSourcesBuildPhase section */
		53B45874094C7BFA00E1D64E /* Sources */ = {
			isa = PBXSourcesBuildPhase;
			buildActionMask = 2147483647;
			files = (
				53B45885094C7C4300E1D64E /* TTTState.m in Sources */,
				53B4588A094C7C8A00E1D64E /* TTTMove.m in Sources */,
				53B458A0094C8E7100E1D64E /* TTTUnit.m in Sources */,
				53F5D647095436DF008D0B74 /* AlphaBetaUnit.m in Sources */,
				53F5D6CE09543D07008D0B74 /* AlphaBeta.m in Sources */,
				53C397DF0955673F00E6E128 /* ReversiUnit.m in Sources */,
			);
			runOnlyForDeploymentPostprocessing = 0;
		};
		53C397CA095566D700E6E128 /* Sources */ = {
			isa = PBXSourcesBuildPhase;
			buildActionMask = 2147483647;
			files = (
				53C397E50955681C00E6E128 /* ReversiState.m in Sources */,
				53C397E90955682D00E6E128 /* ReversiMove.m in Sources */,
			);
			runOnlyForDeploymentPostprocessing = 0;
		};
		8DC2EF540486A6940098B216 /* Sources */ = {
			isa = PBXSourcesBuildPhase;
			buildActionMask = 2147483647;
			files = (
				53F5D6CB09543C8C008D0B74 /* AlphaBeta.m in Sources */,
			);
			runOnlyForDeploymentPostprocessing = 0;
		};
/* End PBXSourcesBuildPhase section */

/* Begin PBXTargetDependency section */
		53B4587F094C7C0400E1D64E /* PBXTargetDependency */ = {
			isa = PBXTargetDependency;
			target = 8DC2EF4F0486A6940098B216 /* AlphaBeta */;
			targetProxy = 53B4587E094C7C0400E1D64E /* PBXContainerItemProxy */;
		};
		53C397D7095566E500E6E128 /* PBXTargetDependency */ = {
			isa = PBXTargetDependency;
			target = 53C397CC095566D700E6E128 /* Reversi */;
			targetProxy = 53C397D6095566E500E6E128 /* PBXContainerItemProxy */;
		};
/* End PBXTargetDependency section */

/* Begin PBXVariantGroup section */
		089C1666FE841158C02AAC07 /* InfoPlist.strings */ = {
			isa = PBXVariantGroup;
			children = (
				089C1667FE841158C02AAC07 /* English */,
			);
			name = InfoPlist.strings;
			sourceTree = "<group>";
		};
/* End PBXVariantGroup section */

/* Begin XCBuildConfiguration section */
		53B4585D094C7B2300E1D64E /* Debug */ = {
			isa = XCBuildConfiguration;
			buildSettings = {
				COPY_PHASE_STRIP = NO;
				DYLIB_COMPATIBILITY_VERSION = 1;
				DYLIB_CURRENT_VERSION = 1;
				FRAMEWORK_VERSION = A;
				GCC_DYNAMIC_NO_PIC = NO;
				GCC_ENABLE_FIX_AND_CONTINUE = YES;
				GCC_GENERATE_DEBUGGING_SYMBOLS = YES;
				GCC_MODEL_TUNING = G5;
				GCC_OPTIMIZATION_LEVEL = 0;
				GCC_PRECOMPILE_PREFIX_HEADER = YES;
				GCC_PREFIX_HEADER = AlphaBeta_Prefix.pch;
				GCC_WARN_ABOUT_RETURN_TYPE = YES;
				GCC_WARN_UNUSED_VARIABLE = YES;
				INFOPLIST_FILE = Info.plist;
				INSTALL_PATH = "@executable_path/../Frameworks";
				LIBRARY_STYLE = DYNAMIC;
				PREBINDING = NO;
				PRODUCT_NAME = AlphaBeta;
				WRAPPER_EXTENSION = framework;
				ZERO_LINK = NO;
			};
			name = Debug;
		};
		53B4585E094C7B2300E1D64E /* Release */ = {
			isa = XCBuildConfiguration;
			buildSettings = {
				COPY_PHASE_STRIP = YES;
				DYLIB_COMPATIBILITY_VERSION = 1;
				DYLIB_CURRENT_VERSION = 1;
				FRAMEWORK_VERSION = A;
				GCC_ENABLE_FIX_AND_CONTINUE = NO;
				GCC_GENERATE_DEBUGGING_SYMBOLS = NO;
				GCC_MODEL_TUNING = G5;
				GCC_PRECOMPILE_PREFIX_HEADER = YES;
				GCC_PREFIX_HEADER = AlphaBeta_Prefix.pch;
				GCC_WARN_ABOUT_RETURN_TYPE = YES;
				GCC_WARN_UNUSED_VARIABLE = YES;
				INFOPLIST_FILE = Info.plist;
				INSTALL_PATH = "@executable_path/../Frameworks";
				LIBRARY_STYLE = DYNAMIC;
				PREBINDING = NO;
				PRODUCT_NAME = AlphaBeta;
				WRAPPER_EXTENSION = framework;
				ZERO_LINK = NO;
			};
			name = Release;
		};
		53B4585F094C7B2300E1D64E /* Default */ = {
			isa = XCBuildConfiguration;
			buildSettings = {
				DYLIB_COMPATIBILITY_VERSION = 1;
				DYLIB_CURRENT_VERSION = 1;
				FRAMEWORK_VERSION = A;
				GCC_GENERATE_DEBUGGING_SYMBOLS = NO;
				GCC_MODEL_TUNING = G5;
				GCC_PRECOMPILE_PREFIX_HEADER = YES;
				GCC_PREFIX_HEADER = AlphaBeta_Prefix.pch;
				GCC_WARN_ABOUT_RETURN_TYPE = YES;
				GCC_WARN_UNUSED_VARIABLE = YES;
				INFOPLIST_FILE = Info.plist;
				INSTALL_PATH = "@executable_path/../Frameworks";
				LIBRARY_STYLE = DYNAMIC;
				PREBINDING = NO;
				PRODUCT_NAME = AlphaBeta;
				WRAPPER_EXTENSION = framework;
				ZERO_LINK = NO;
			};
			name = Default;
		};
		53B45861094C7B2300E1D64E /* Debug */ = {
			isa = XCBuildConfiguration;
			buildSettings = {
			};
			name = Debug;
		};
		53B45862094C7B2300E1D64E /* Release */ = {
			isa = XCBuildConfiguration;
			buildSettings = {
			};
			name = Release;
		};
		53B45863094C7B2300E1D64E /* Default */ = {
			isa = XCBuildConfiguration;
			buildSettings = {
			};
			name = Default;
		};
		53B4587B094C7BFB00E1D64E /* Debug */ = {
			isa = XCBuildConfiguration;
			buildSettings = {
				COPY_PHASE_STRIP = NO;
				GCC_ENABLE_OBJC_EXCEPTIONS = YES;
				GCC_GENERATE_DEBUGGING_SYMBOLS = YES;
				GCC_MODEL_TUNING = G5;
				GCC_PRECOMPILE_PREFIX_HEADER = YES;
				GCC_PREFIX_HEADER = "$(SYSTEM_LIBRARY_DIR)/Frameworks/Cocoa.framework/Headers/Cocoa.h";
				INFOPLIST_FILE = "UnitTests-Info.plist";
				INSTALL_PATH = "$(USER_LIBRARY_DIR)/Bundles";
				LIBRARY_STYLE = BUNDLE;
				OPTIMIZATION_CFLAGS = "-O0";
				OTHER_CFLAGS = "";
				OTHER_LDFLAGS = (
					"-framework",
					Cocoa,
					"-framework",
					SenTestingKit,
				);
				OTHER_REZFLAGS = "";
				PREBINDING = NO;
				PRODUCT_NAME = UnitTests;
				SECTORDER_FLAGS = "";
				WARNING_CFLAGS = (
					"-Wmost",
					"-Wno-four-char-constants",
					"-Wno-unknown-pragmas",
				);
				WRAPPER_EXTENSION = octest;
			};
			name = Debug;
		};
		53B4587C094C7BFB00E1D64E /* Release */ = {
			isa = XCBuildConfiguration;
			buildSettings = {
				COPY_PHASE_STRIP = YES;
				GCC_ENABLE_OBJC_EXCEPTIONS = YES;
				GCC_GENERATE_DEBUGGING_SYMBOLS = NO;
				GCC_MODEL_TUNING = G5;
				GCC_PRECOMPILE_PREFIX_HEADER = YES;
				GCC_PREFIX_HEADER = "$(SYSTEM_LIBRARY_DIR)/Frameworks/Cocoa.framework/Headers/Cocoa.h";
				INFOPLIST_FILE = "UnitTests-Info.plist";
				INSTALL_PATH = "$(USER_LIBRARY_DIR)/Bundles";
				LIBRARY_STYLE = BUNDLE;
				OPTIMIZATION_CFLAGS = "-O0";
				OTHER_CFLAGS = "";
				OTHER_LDFLAGS = (
					"-framework",
					Cocoa,
					"-framework",
					SenTestingKit,
				);
				OTHER_REZFLAGS = "";
				PREBINDING = NO;
				PRODUCT_NAME = UnitTests;
				SECTORDER_FLAGS = "";
				WARNING_CFLAGS = (
					"-Wmost",
					"-Wno-four-char-constants",
					"-Wno-unknown-pragmas",
				);
				WRAPPER_EXTENSION = octest;
			};
			name = Release;
		};
		53B4587D094C7BFB00E1D64E /* Default */ = {
			isa = XCBuildConfiguration;
			buildSettings = {
				GCC_ENABLE_OBJC_EXCEPTIONS = YES;
				GCC_GENERATE_DEBUGGING_SYMBOLS = NO;
				GCC_MODEL_TUNING = G5;
				GCC_PRECOMPILE_PREFIX_HEADER = YES;
				GCC_PREFIX_HEADER = "$(SYSTEM_LIBRARY_DIR)/Frameworks/Cocoa.framework/Headers/Cocoa.h";
				INFOPLIST_FILE = "UnitTests-Info.plist";
				INSTALL_PATH = "$(USER_LIBRARY_DIR)/Bundles";
				LIBRARY_STYLE = BUNDLE;
				OPTIMIZATION_CFLAGS = "-O0";
				OTHER_CFLAGS = "";
				OTHER_LDFLAGS = (
					"-framework",
					Cocoa,
					"-framework",
					SenTestingKit,
				);
				OTHER_REZFLAGS = "";
				PREBINDING = NO;
				PRODUCT_NAME = UnitTests;
				SECTORDER_FLAGS = "";
				WARNING_CFLAGS = (
					"-Wmost",
					"-Wno-four-char-constants",
					"-Wno-unknown-pragmas",
				);
				WRAPPER_EXTENSION = octest;
			};
			name = Default;
		};
		53C397D3095566D800E6E128 /* Debug */ = {
			isa = XCBuildConfiguration;
			buildSettings = {
				COPY_PHASE_STRIP = NO;
				DYLIB_COMPATIBILITY_VERSION = 1;
				DYLIB_CURRENT_VERSION = 1;
				FRAMEWORK_VERSION = A;
				GCC_GENERATE_DEBUGGING_SYMBOLS = YES;
				GCC_MODEL_TUNING = G5;
				GCC_PRECOMPILE_PREFIX_HEADER = YES;
				GCC_PREFIX_HEADER = "$(SYSTEM_LIBRARY_DIR)/Frameworks/AppKit.framework/Headers/AppKit.h";
				INFOPLIST_FILE = "Reversi-Info.plist";
				INSTALL_PATH = "$(LOCAL_LIBRARY_DIR)/Frameworks";
				OPTIMIZATION_CFLAGS = "-O0";
				OTHER_CFLAGS = "";
				OTHER_LDFLAGS = (
					"-framework",
					Foundation,
					"-framework",
					AppKit,
				);
				OTHER_REZFLAGS = "";
				PREBINDING = NO;
				PRODUCT_NAME = Reversi;
				SECTORDER_FLAGS = "";
				WARNING_CFLAGS = (
					"-Wmost",
					"-Wno-four-char-constants",
					"-Wno-unknown-pragmas",
				);
			};
			name = Debug;
		};
		53C397D4095566D800E6E128 /* Release */ = {
			isa = XCBuildConfiguration;
			buildSettings = {
				COPY_PHASE_STRIP = YES;
				DYLIB_COMPATIBILITY_VERSION = 1;
				DYLIB_CURRENT_VERSION = 1;
				FRAMEWORK_VERSION = A;
				GCC_GENERATE_DEBUGGING_SYMBOLS = NO;
				GCC_MODEL_TUNING = G5;
				GCC_PRECOMPILE_PREFIX_HEADER = YES;
				GCC_PREFIX_HEADER = "$(SYSTEM_LIBRARY_DIR)/Frameworks/AppKit.framework/Headers/AppKit.h";
				INFOPLIST_FILE = "Reversi-Info.plist";
				INSTALL_PATH = "$(LOCAL_LIBRARY_DIR)/Frameworks";
				OPTIMIZATION_CFLAGS = "-O0";
				OTHER_CFLAGS = "";
				OTHER_LDFLAGS = (
					"-framework",
					Foundation,
					"-framework",
					AppKit,
				);
				OTHER_REZFLAGS = "";
				PREBINDING = NO;
				PRODUCT_NAME = Reversi;
				SECTORDER_FLAGS = "";
				WARNING_CFLAGS = (
					"-Wmost",
					"-Wno-four-char-constants",
					"-Wno-unknown-pragmas",
				);
			};
			name = Release;
		};
		53C397D5095566D800E6E128 /* Default */ = {
			isa = XCBuildConfiguration;
			buildSettings = {
				DYLIB_COMPATIBILITY_VERSION = 1;
				DYLIB_CURRENT_VERSION = 1;
				FRAMEWORK_VERSION = A;
				GCC_GENERATE_DEBUGGING_SYMBOLS = NO;
				GCC_MODEL_TUNING = G5;
				GCC_PRECOMPILE_PREFIX_HEADER = YES;
				GCC_PREFIX_HEADER = "$(SYSTEM_LIBRARY_DIR)/Frameworks/AppKit.framework/Headers/AppKit.h";
				INFOPLIST_FILE = "Reversi-Info.plist";
				INSTALL_PATH = "$(LOCAL_LIBRARY_DIR)/Frameworks";
				OPTIMIZATION_CFLAGS = "-O0";
				OTHER_CFLAGS = "";
				OTHER_LDFLAGS = (
					"-framework",
					Foundation,
					"-framework",
					AppKit,
				);
				OTHER_REZFLAGS = "";
				PREBINDING = NO;
				PRODUCT_NAME = Reversi;
				SECTORDER_FLAGS = "";
				WARNING_CFLAGS = (
					"-Wmost",
					"-Wno-four-char-constants",
					"-Wno-unknown-pragmas",
				);
			};
			name = Default;
		};
/* End XCBuildConfiguration section */

/* Begin XCConfigurationList section */
		53B4585C094C7B2300E1D64E /* Build configuration list for PBXNativeTarget "AlphaBeta" */ = {
			isa = XCConfigurationList;
			buildConfigurations = (
				53B4585D094C7B2300E1D64E /* Debug */,
				53B4585E094C7B2300E1D64E /* Release */,
				53B4585F094C7B2300E1D64E /* Default */,
			);
			defaultConfigurationIsVisible = 0;
			defaultConfigurationName = Default;
		};
		53B45860094C7B2300E1D64E /* Build configuration list for PBXProject "AlphaBeta" */ = {
			isa = XCConfigurationList;
			buildConfigurations = (
				53B45861094C7B2300E1D64E /* Debug */,
				53B45862094C7B2300E1D64E /* Release */,
				53B45863094C7B2300E1D64E /* Default */,
			);
			defaultConfigurationIsVisible = 0;
			defaultConfigurationName = Default;
		};
		53B4587A094C7BFB00E1D64E /* Build configuration list for PBXNativeTarget "UnitTests" */ = {
			isa = XCConfigurationList;
			buildConfigurations = (
				53B4587B094C7BFB00E1D64E /* Debug */,
				53B4587C094C7BFB00E1D64E /* Release */,
				53B4587D094C7BFB00E1D64E /* Default */,
			);
			defaultConfigurationIsVisible = 0;
		};
		53C397D2095566D800E6E128 /* Build configuration list for PBXNativeTarget "Reversi" */ = {
			isa = XCConfigurationList;
			buildConfigurations = (
				53C397D3095566D800E6E128 /* Debug */,
				53C397D4095566D800E6E128 /* Release */,
				53C397D5095566D800E6E128 /* Default */,
			);
			defaultConfigurationIsVisible = 0;
		};
/* End XCConfigurationList section */
	};
	rootObject = 0867D690FE84028FC02AAC07 /* Project object */;
}
