// !$*UTF8*$!
{
	archiveVersion = 1;
	classes = {
	};
	objectVersion = 44;
	objects = {

/* Begin PBXBuildFile section */
		5315ED740D8D6B34001E3B2E /* Foundation.framework in Frameworks */ = {isa = PBXBuildFile; fileRef = 0867D69BFE84028FC02AAC07 /* Foundation.framework */; };
		5315ED820D8D6EB6001E3B2E /* AlphaBeta.h in Headers */ = {isa = PBXBuildFile; fileRef = 5315ED790D8D6EB5001E3B2E /* AlphaBeta.h */; settings = {ATTRIBUTES = (Public, ); }; };
		5315ED830D8D6EB6001E3B2E /* SBAlphaBeta.h in Headers */ = {isa = PBXBuildFile; fileRef = 5315ED7A0D8D6EB5001E3B2E /* SBAlphaBeta.h */; settings = {ATTRIBUTES = (Private, ); }; };
		5315ED840D8D6EB6001E3B2E /* SBAlphaBeta.m in Sources */ = {isa = PBXBuildFile; fileRef = 5315ED7B0D8D6EB5001E3B2E /* SBAlphaBeta.m */; };
		5315EDB30D8D6F7C001E3B2E /* SBMutableReversiState.m in Sources */ = {isa = PBXBuildFile; fileRef = 5315ED7C0D8D6EB5001E3B2E /* SBMutableReversiState.m */; };
		5315EDB40D8D6F7D001E3B2E /* SBReversiState.h in Headers */ = {isa = PBXBuildFile; fileRef = 5315ED7D0D8D6EB5001E3B2E /* SBReversiState.h */; };
		5315EDB50D8D6F7D001E3B2E /* SBReversiState.m in Sources */ = {isa = PBXBuildFile; fileRef = 5315ED7E0D8D6EB5001E3B2E /* SBReversiState.m */; };
		5315EDB60D8D6F82001E3B2E /* TTTMutableState.m in Sources */ = {isa = PBXBuildFile; fileRef = 5315ED7F0D8D6EB5001E3B2E /* TTTMutableState.m */; };
		5315EDB70D8D6F82001E3B2E /* TTTState.h in Headers */ = {isa = PBXBuildFile; fileRef = 5315ED800D8D6EB5001E3B2E /* TTTState.h */; };
		5315EDB80D8D6F83001E3B2E /* TTTState.m in Sources */ = {isa = PBXBuildFile; fileRef = 5315ED810D8D6EB5001E3B2E /* TTTState.m */; };
		5315EDBF0D8D6F9C001E3B2E /* Reversi4x4Unit.m in Sources */ = {isa = PBXBuildFile; fileRef = 5315EDB90D8D6F9C001E3B2E /* Reversi4x4Unit.m */; };
		5315EDC00D8D6F9C001E3B2E /* Reversi6x6Unit.m in Sources */ = {isa = PBXBuildFile; fileRef = 5315EDBA0D8D6F9C001E3B2E /* Reversi6x6Unit.m */; };
		5315EDC10D8D6F9C001E3B2E /* Reversi8x8Unit.m in Sources */ = {isa = PBXBuildFile; fileRef = 5315EDBB0D8D6F9C001E3B2E /* Reversi8x8Unit.m */; };
		5315EDC20D8D6F9C001E3B2E /* TTTUnit.m in Sources */ = {isa = PBXBuildFile; fileRef = 5315EDBE0D8D6F9C001E3B2E /* TTTUnit.m */; };
		5315EDE20D8D79C3001E3B2E /* Reversi.framework in Frameworks */ = {isa = PBXBuildFile; fileRef = 5315ED9F0D8D6F47001E3B2E /* Reversi.framework */; };
		5315EDE30D8D79C6001E3B2E /* AlphaBeta.framework in Frameworks */ = {isa = PBXBuildFile; fileRef = 8DC2EF5B0486A6940098B216 /* AlphaBeta.framework */; };
		5315EDE40D8D79CA001E3B2E /* TicTacToe.framework in Frameworks */ = {isa = PBXBuildFile; fileRef = 5315EDAC0D8D6F68001E3B2E /* TicTacToe.framework */; };
		8DC2EF530486A6940098B216 /* InfoPlist.strings in Resources */ = {isa = PBXBuildFile; fileRef = 089C1666FE841158C02AAC07 /* InfoPlist.strings */; };
/* End PBXBuildFile section */

/* Begin PBXContainerItemProxy section */
		5315ED950D8D6ED0001E3B2E /* PBXContainerItemProxy */ = {
			isa = PBXContainerItemProxy;
			containerPortal = 0867D690FE84028FC02AAC07 /* Project object */;
			proxyType = 1;
			remoteGlobalIDString = 8DC2EF4F0486A6940098B216 /* AlphaBeta */;
			remoteInfo = AlphaBeta;
		};
		5315EDA50D8D6F50001E3B2E /* PBXContainerItemProxy */ = {
			isa = PBXContainerItemProxy;
			containerPortal = 0867D690FE84028FC02AAC07 /* Project object */;
			proxyType = 1;
			remoteGlobalIDString = 8DC2EF4F0486A6940098B216 /* AlphaBeta */;
			remoteInfo = AlphaBeta;
		};
		5315EDB10D8D6F6E001E3B2E /* PBXContainerItemProxy */ = {
			isa = PBXContainerItemProxy;
			containerPortal = 0867D690FE84028FC02AAC07 /* Project object */;
			proxyType = 1;
			remoteGlobalIDString = 8DC2EF4F0486A6940098B216 /* AlphaBeta */;
			remoteInfo = AlphaBeta;
		};
		5315EDDC0D8D7970001E3B2E /* PBXContainerItemProxy */ = {
			isa = PBXContainerItemProxy;
			containerPortal = 0867D690FE84028FC02AAC07 /* Project object */;
			proxyType = 1;
			remoteGlobalIDString = 5315ED9E0D8D6F47001E3B2E /* Reversi */;
			remoteInfo = Reversi;
		};
		5315EDDE0D8D7972001E3B2E /* PBXContainerItemProxy */ = {
			isa = PBXContainerItemProxy;
			containerPortal = 0867D690FE84028FC02AAC07 /* Project object */;
			proxyType = 1;
			remoteGlobalIDString = 5315EDAB0D8D6F68001E3B2E /* TicTacToe */;
			remoteInfo = TicTacToe;
		};
/* End PBXContainerItemProxy section */

/* Begin PBXFileReference section */
		0867D69BFE84028FC02AAC07 /* Foundation.framework */ = {isa = PBXFileReference; lastKnownFileType = wrapper.framework; name = Foundation.framework; path = /System/Library/Frameworks/Foundation.framework; sourceTree = "<absolute>"; };
		0867D6A5FE840307C02AAC07 /* AppKit.framework */ = {isa = PBXFileReference; lastKnownFileType = wrapper.framework; name = AppKit.framework; path = /System/Library/Frameworks/AppKit.framework; sourceTree = "<absolute>"; };
		089C1667FE841158C02AAC07 /* English */ = {isa = PBXFileReference; fileEncoding = 10; lastKnownFileType = text.plist.strings; name = English; path = English.lproj/InfoPlist.strings; sourceTree = "<group>"; };
		1058C7B1FEA5585E11CA2CBB /* Cocoa.framework */ = {isa = PBXFileReference; lastKnownFileType = wrapper.framework; name = Cocoa.framework; path = /System/Library/Frameworks/Cocoa.framework; sourceTree = "<absolute>"; };
		32DBCF5E0370ADEE00C91783 /* AlphaBeta_Prefix.pch */ = {isa = PBXFileReference; fileEncoding = 4; lastKnownFileType = sourcecode.c.h; path = AlphaBeta_Prefix.pch; sourceTree = "<group>"; };
		5315ED790D8D6EB5001E3B2E /* AlphaBeta.h */ = {isa = PBXFileReference; fileEncoding = 4; lastKnownFileType = sourcecode.c.h; path = AlphaBeta.h; sourceTree = "<group>"; };
		5315ED7A0D8D6EB5001E3B2E /* SBAlphaBeta.h */ = {isa = PBXFileReference; fileEncoding = 4; lastKnownFileType = sourcecode.c.h; path = SBAlphaBeta.h; sourceTree = "<group>"; };
		5315ED7B0D8D6EB5001E3B2E /* SBAlphaBeta.m */ = {isa = PBXFileReference; fileEncoding = 4; lastKnownFileType = sourcecode.c.objc; path = SBAlphaBeta.m; sourceTree = "<group>"; };
		5315ED7C0D8D6EB5001E3B2E /* SBMutableReversiState.m */ = {isa = PBXFileReference; fileEncoding = 4; lastKnownFileType = sourcecode.c.objc; path = SBMutableReversiState.m; sourceTree = "<group>"; };
		5315ED7D0D8D6EB5001E3B2E /* SBReversiState.h */ = {isa = PBXFileReference; fileEncoding = 4; lastKnownFileType = sourcecode.c.h; path = SBReversiState.h; sourceTree = "<group>"; };
		5315ED7E0D8D6EB5001E3B2E /* SBReversiState.m */ = {isa = PBXFileReference; fileEncoding = 4; lastKnownFileType = sourcecode.c.objc; path = SBReversiState.m; sourceTree = "<group>"; };
		5315ED7F0D8D6EB5001E3B2E /* TTTMutableState.m */ = {isa = PBXFileReference; fileEncoding = 4; lastKnownFileType = sourcecode.c.objc; path = TTTMutableState.m; sourceTree = "<group>"; };
		5315ED800D8D6EB5001E3B2E /* TTTState.h */ = {isa = PBXFileReference; fileEncoding = 4; lastKnownFileType = sourcecode.c.h; path = TTTState.h; sourceTree = "<group>"; };
		5315ED810D8D6EB5001E3B2E /* TTTState.m */ = {isa = PBXFileReference; fileEncoding = 4; lastKnownFileType = sourcecode.c.objc; path = TTTState.m; sourceTree = "<group>"; };
		5315ED900D8D6ECB001E3B2E /* Tests.octest */ = {isa = PBXFileReference; explicitFileType = wrapper.cfbundle; includeInIndex = 0; path = Tests.octest; sourceTree = BUILT_PRODUCTS_DIR; };
		5315ED910D8D6ECB001E3B2E /* Tests-Info.plist */ = {isa = PBXFileReference; lastKnownFileType = text.plist.xml; path = "Tests-Info.plist"; sourceTree = "<group>"; };
		5315ED9F0D8D6F47001E3B2E /* Reversi.framework */ = {isa = PBXFileReference; explicitFileType = wrapper.framework; includeInIndex = 0; path = Reversi.framework; sourceTree = BUILT_PRODUCTS_DIR; };
		5315EDA00D8D6F47001E3B2E /* Reversi-Info.plist */ = {isa = PBXFileReference; lastKnownFileType = text.plist.xml; path = "Reversi-Info.plist"; sourceTree = "<group>"; };
		5315EDAC0D8D6F68001E3B2E /* TicTacToe.framework */ = {isa = PBXFileReference; explicitFileType = wrapper.framework; includeInIndex = 0; path = TicTacToe.framework; sourceTree = BUILT_PRODUCTS_DIR; };
		5315EDAD0D8D6F68001E3B2E /* TicTacToe-Info.plist */ = {isa = PBXFileReference; lastKnownFileType = text.plist.xml; path = "TicTacToe-Info.plist"; sourceTree = "<group>"; };
		5315EDB90D8D6F9C001E3B2E /* Reversi4x4Unit.m */ = {isa = PBXFileReference; fileEncoding = 4; lastKnownFileType = sourcecode.c.objc; path = Reversi4x4Unit.m; sourceTree = "<group>"; };
		5315EDBA0D8D6F9C001E3B2E /* Reversi6x6Unit.m */ = {isa = PBXFileReference; fileEncoding = 4; lastKnownFileType = sourcecode.c.objc; path = Reversi6x6Unit.m; sourceTree = "<group>"; };
		5315EDBB0D8D6F9C001E3B2E /* Reversi8x8Unit.m */ = {isa = PBXFileReference; fileEncoding = 4; lastKnownFileType = sourcecode.c.objc; path = Reversi8x8Unit.m; sourceTree = "<group>"; };
		5315EDBC0D8D6F9C001E3B2E /* ReversiUnit.h */ = {isa = PBXFileReference; fileEncoding = 4; lastKnownFileType = sourcecode.c.h; path = ReversiUnit.h; sourceTree = "<group>"; };
		5315EDBD0D8D6F9C001E3B2E /* TTTUnit.h */ = {isa = PBXFileReference; fileEncoding = 4; lastKnownFileType = sourcecode.c.h; path = TTTUnit.h; sourceTree = "<group>"; };
		5315EDBE0D8D6F9C001E3B2E /* TTTUnit.m */ = {isa = PBXFileReference; fileEncoding = 4; lastKnownFileType = sourcecode.c.objc; path = TTTUnit.m; sourceTree = "<group>"; };
		8DC2EF5A0486A6940098B216 /* Info.plist */ = {isa = PBXFileReference; fileEncoding = 4; lastKnownFileType = text.plist.xml; path = Info.plist; sourceTree = "<group>"; };
		8DC2EF5B0486A6940098B216 /* AlphaBeta.framework */ = {isa = PBXFileReference; explicitFileType = wrapper.framework; includeInIndex = 0; path = AlphaBeta.framework; sourceTree = BUILT_PRODUCTS_DIR; };
		D2F7E79907B2D74100F64583 /* CoreData.framework */ = {isa = PBXFileReference; lastKnownFileType = wrapper.framework; name = CoreData.framework; path = /System/Library/Frameworks/CoreData.framework; sourceTree = "<absolute>"; };
/* End PBXFileReference section */

/* Begin PBXFrameworksBuildPhase section */
		5315ED8D0D8D6ECB001E3B2E /* Frameworks */ = {
			isa = PBXFrameworksBuildPhase;
			buildActionMask = 2147483647;
			files = (
				5315EDE20D8D79C3001E3B2E /* Reversi.framework in Frameworks */,
				5315EDE30D8D79C6001E3B2E /* AlphaBeta.framework in Frameworks */,
				5315EDE40D8D79CA001E3B2E /* TicTacToe.framework in Frameworks */,
			);
			runOnlyForDeploymentPostprocessing = 0;
		};
		5315ED9D0D8D6F47001E3B2E /* Frameworks */ = {
			isa = PBXFrameworksBuildPhase;
			buildActionMask = 2147483647;
			files = (
			);
			runOnlyForDeploymentPostprocessing = 0;
		};
		5315EDAA0D8D6F68001E3B2E /* Frameworks */ = {
			isa = PBXFrameworksBuildPhase;
			buildActionMask = 2147483647;
			files = (
			);
			runOnlyForDeploymentPostprocessing = 0;
		};
		8DC2EF560486A6940098B216 /* Frameworks */ = {
			isa = PBXFrameworksBuildPhase;
			buildActionMask = 2147483647;
			files = (
				5315ED740D8D6B34001E3B2E /* Foundation.framework in Frameworks */,
			);
			runOnlyForDeploymentPostprocessing = 0;
		};
/* End PBXFrameworksBuildPhase section */

/* Begin PBXGroup section */
		034768DFFF38A50411DB9C8B /* Products */ = {
			isa = PBXGroup;
			children = (
				8DC2EF5B0486A6940098B216 /* AlphaBeta.framework */,
				5315ED900D8D6ECB001E3B2E /* Tests.octest */,
				5315ED9F0D8D6F47001E3B2E /* Reversi.framework */,
				5315EDAC0D8D6F68001E3B2E /* TicTacToe.framework */,
			);
			name = Products;
			sourceTree = "<group>";
		};
		0867D691FE84028FC02AAC07 /* AlphaBeta */ = {
			isa = PBXGroup;
			children = (
				08FB77AEFE84172EC02AAC07 /* Classes */,
				5315ED780D8D6E90001E3B2E /* Tests */,
				32C88DFF0371C24200C91783 /* Other Sources */,
				089C1665FE841158C02AAC07 /* Resources */,
				0867D69AFE84028FC02AAC07 /* External Frameworks and Libraries */,
				034768DFFF38A50411DB9C8B /* Products */,
			);
			name = AlphaBeta;
			sourceTree = "<group>";
		};
		0867D69AFE84028FC02AAC07 /* External Frameworks and Libraries */ = {
			isa = PBXGroup;
			children = (
				1058C7B0FEA5585E11CA2CBB /* Linked Frameworks */,
				1058C7B2FEA5585E11CA2CBB /* Other Frameworks */,
			);
			name = "External Frameworks and Libraries";
			sourceTree = "<group>";
		};
		089C1665FE841158C02AAC07 /* Resources */ = {
			isa = PBXGroup;
			children = (
				8DC2EF5A0486A6940098B216 /* Info.plist */,
				089C1666FE841158C02AAC07 /* InfoPlist.strings */,
				5315ED910D8D6ECB001E3B2E /* Tests-Info.plist */,
				5315EDA00D8D6F47001E3B2E /* Reversi-Info.plist */,
				5315EDAD0D8D6F68001E3B2E /* TicTacToe-Info.plist */,
			);
			name = Resources;
			sourceTree = "<group>";
		};
		08FB77AEFE84172EC02AAC07 /* Classes */ = {
			isa = PBXGroup;
			children = (
				5315ED790D8D6EB5001E3B2E /* AlphaBeta.h */,
				5315ED7A0D8D6EB5001E3B2E /* SBAlphaBeta.h */,
				5315ED7B0D8D6EB5001E3B2E /* SBAlphaBeta.m */,
				5315ED7C0D8D6EB5001E3B2E /* SBMutableReversiState.m */,
				5315ED7D0D8D6EB5001E3B2E /* SBReversiState.h */,
				5315ED7E0D8D6EB5001E3B2E /* SBReversiState.m */,
				5315ED7F0D8D6EB5001E3B2E /* TTTMutableState.m */,
				5315ED800D8D6EB5001E3B2E /* TTTState.h */,
				5315ED810D8D6EB5001E3B2E /* TTTState.m */,
			);
			path = Classes;
			sourceTree = "<group>";
		};
		1058C7B0FEA5585E11CA2CBB /* Linked Frameworks */ = {
			isa = PBXGroup;
			children = (
				0867D69BFE84028FC02AAC07 /* Foundation.framework */,
			);
			name = "Linked Frameworks";
			sourceTree = "<group>";
		};
		1058C7B2FEA5585E11CA2CBB /* Other Frameworks */ = {
			isa = PBXGroup;
			children = (
				1058C7B1FEA5585E11CA2CBB /* Cocoa.framework */,
				0867D6A5FE840307C02AAC07 /* AppKit.framework */,
				D2F7E79907B2D74100F64583 /* CoreData.framework */,
			);
			name = "Other Frameworks";
			sourceTree = "<group>";
		};
		32C88DFF0371C24200C91783 /* Other Sources */ = {
			isa = PBXGroup;
			children = (
				32DBCF5E0370ADEE00C91783 /* AlphaBeta_Prefix.pch */,
			);
			name = "Other Sources";
			sourceTree = "<group>";
		};
		5315ED780D8D6E90001E3B2E /* Tests */ = {
			isa = PBXGroup;
			children = (
				5315EDB90D8D6F9C001E3B2E /* Reversi4x4Unit.m */,
				5315EDBA0D8D6F9C001E3B2E /* Reversi6x6Unit.m */,
				5315EDBB0D8D6F9C001E3B2E /* Reversi8x8Unit.m */,
				5315EDBC0D8D6F9C001E3B2E /* ReversiUnit.h */,
				5315EDBD0D8D6F9C001E3B2E /* TTTUnit.h */,
				5315EDBE0D8D6F9C001E3B2E /* TTTUnit.m */,
			);
			path = Tests;
			sourceTree = "<group>";
		};
/* End PBXGroup section */

/* Begin PBXHeadersBuildPhase section */
		5315ED9A0D8D6F47001E3B2E /* Headers */ = {
			isa = PBXHeadersBuildPhase;
			buildActionMask = 2147483647;
			files = (
				5315EDB40D8D6F7D001E3B2E /* SBReversiState.h in Headers */,
			);
			runOnlyForDeploymentPostprocessing = 0;
		};
		5315EDA70D8D6F68001E3B2E /* Headers */ = {
			isa = PBXHeadersBuildPhase;
			buildActionMask = 2147483647;
			files = (
				5315EDB70D8D6F82001E3B2E /* TTTState.h in Headers */,
			);
			runOnlyForDeploymentPostprocessing = 0;
		};
		8DC2EF500486A6940098B216 /* Headers */ = {
			isa = PBXHeadersBuildPhase;
			buildActionMask = 2147483647;
			files = (
				5315ED820D8D6EB6001E3B2E /* AlphaBeta.h in Headers */,
				5315ED830D8D6EB6001E3B2E /* SBAlphaBeta.h in Headers */,
			);
			runOnlyForDeploymentPostprocessing = 0;
		};
/* End PBXHeadersBuildPhase section */

/* Begin PBXNativeTarget section */
		5315ED8F0D8D6ECB001E3B2E /* Tests */ = {
			isa = PBXNativeTarget;
			buildConfigurationList = 5315ED940D8D6ECC001E3B2E /* Build configuration list for PBXNativeTarget "Tests" */;
			buildPhases = (
				5315ED8B0D8D6ECB001E3B2E /* Resources */,
				5315ED8C0D8D6ECB001E3B2E /* Sources */,
				5315ED8D0D8D6ECB001E3B2E /* Frameworks */,
				5315ED8E0D8D6ECB001E3B2E /* ShellScript */,
			);
			buildRules = (
			);
			dependencies = (
				5315EDDD0D8D7970001E3B2E /* PBXTargetDependency */,
				5315EDDF0D8D7972001E3B2E /* PBXTargetDependency */,
				5315ED960D8D6ED0001E3B2E /* PBXTargetDependency */,
			);
			name = Tests;
			productName = Tests;
			productReference = 5315ED900D8D6ECB001E3B2E /* Tests.octest */;
			productType = "com.apple.product-type.bundle";
		};
		5315ED9E0D8D6F47001E3B2E /* Reversi */ = {
			isa = PBXNativeTarget;
			buildConfigurationList = 5315EDA40D8D6F47001E3B2E /* Build configuration list for PBXNativeTarget "Reversi" */;
			buildPhases = (
				5315ED9A0D8D6F47001E3B2E /* Headers */,
				5315ED9B0D8D6F47001E3B2E /* Resources */,
				5315ED9C0D8D6F47001E3B2E /* Sources */,
				5315ED9D0D8D6F47001E3B2E /* Frameworks */,
			);
			buildRules = (
			);
			dependencies = (
				5315EDA60D8D6F50001E3B2E /* PBXTargetDependency */,
			);
			name = Reversi;
			productName = Reversi;
			productReference = 5315ED9F0D8D6F47001E3B2E /* Reversi.framework */;
			productType = "com.apple.product-type.framework";
		};
		5315EDAB0D8D6F68001E3B2E /* TicTacToe */ = {
			isa = PBXNativeTarget;
			buildConfigurationList = 5315EDB00D8D6F69001E3B2E /* Build configuration list for PBXNativeTarget "TicTacToe" */;
			buildPhases = (
				5315EDA70D8D6F68001E3B2E /* Headers */,
				5315EDA80D8D6F68001E3B2E /* Resources */,
				5315EDA90D8D6F68001E3B2E /* Sources */,
				5315EDAA0D8D6F68001E3B2E /* Frameworks */,
			);
			buildRules = (
			);
			dependencies = (
				5315EDB20D8D6F6E001E3B2E /* PBXTargetDependency */,
			);
			name = TicTacToe;
			productName = TicTacToe;
			productReference = 5315EDAC0D8D6F68001E3B2E /* TicTacToe.framework */;
			productType = "com.apple.product-type.framework";
		};
		8DC2EF4F0486A6940098B216 /* AlphaBeta */ = {
			isa = PBXNativeTarget;
			buildConfigurationList = 1DEB91AD08733DA50010E9CD /* Build configuration list for PBXNativeTarget "AlphaBeta" */;
			buildPhases = (
				8DC2EF500486A6940098B216 /* Headers */,
				8DC2EF520486A6940098B216 /* Resources */,
				8DC2EF540486A6940098B216 /* Sources */,
				8DC2EF560486A6940098B216 /* Frameworks */,
			);
			buildRules = (
			);
			dependencies = (
			);
			name = AlphaBeta;
			productInstallPath = "$(HOME)/Library/Frameworks";
			productName = AlphaBeta;
			productReference = 8DC2EF5B0486A6940098B216 /* AlphaBeta.framework */;
			productType = "com.apple.product-type.framework";
		};
/* End PBXNativeTarget section */

/* Begin PBXProject section */
		0867D690FE84028FC02AAC07 /* Project object */ = {
			isa = PBXProject;
			buildConfigurationList = 1DEB91B108733DA50010E9CD /* Build configuration list for PBXProject "AlphaBeta" */;
			compatibilityVersion = "Xcode 3.0";
			hasScannedForEncodings = 1;
			mainGroup = 0867D691FE84028FC02AAC07 /* AlphaBeta */;
			productRefGroup = 034768DFFF38A50411DB9C8B /* Products */;
			projectDirPath = "";
			projectRoot = "";
			targets = (
				8DC2EF4F0486A6940098B216 /* AlphaBeta */,
				5315ED8F0D8D6ECB001E3B2E /* Tests */,
				5315ED9E0D8D6F47001E3B2E /* Reversi */,
				5315EDAB0D8D6F68001E3B2E /* TicTacToe */,
			);
		};
/* End PBXProject section */

/* Begin PBXResourcesBuildPhase section */
		5315ED8B0D8D6ECB001E3B2E /* Resources */ = {
			isa = PBXResourcesBuildPhase;
			buildActionMask = 2147483647;
			files = (
			);
			runOnlyForDeploymentPostprocessing = 0;
		};
		5315ED9B0D8D6F47001E3B2E /* Resources */ = {
			isa = PBXResourcesBuildPhase;
			buildActionMask = 2147483647;
			files = (
			);
			runOnlyForDeploymentPostprocessing = 0;
		};
		5315EDA80D8D6F68001E3B2E /* Resources */ = {
			isa = PBXResourcesBuildPhase;
			buildActionMask = 2147483647;
			files = (
			);
			runOnlyForDeploymentPostprocessing = 0;
		};
		8DC2EF520486A6940098B216 /* Resources */ = {
			isa = PBXResourcesBuildPhase;
			buildActionMask = 2147483647;
			files = (
				8DC2EF530486A6940098B216 /* InfoPlist.strings in Resources */,
			);
			runOnlyForDeploymentPostprocessing = 0;
		};
/* End PBXResourcesBuildPhase section */

/* Begin PBXShellScriptBuildPhase section */
		5315ED8E0D8D6ECB001E3B2E /* ShellScript */ = {
			isa = PBXShellScriptBuildPhase;
			buildActionMask = 2147483647;
			files = (
			);
			inputPaths = (
			);
			outputPaths = (
			);
			runOnlyForDeploymentPostprocessing = 0;
			shellPath = /bin/sh;
			shellScript = "# Run the unit tests in this test bundle.\n\"${SYSTEM_DEVELOPER_DIR}/Tools/RunUnitTests\"\n";
		};
/* End PBXShellScriptBuildPhase section */

/* Begin PBXSourcesBuildPhase section */
		5315ED8C0D8D6ECB001E3B2E /* Sources */ = {
			isa = PBXSourcesBuildPhase;
			buildActionMask = 2147483647;
			files = (
				5315EDBF0D8D6F9C001E3B2E /* Reversi4x4Unit.m in Sources */,
				5315EDC00D8D6F9C001E3B2E /* Reversi6x6Unit.m in Sources */,
				5315EDC10D8D6F9C001E3B2E /* Reversi8x8Unit.m in Sources */,
				5315EDC20D8D6F9C001E3B2E /* TTTUnit.m in Sources */,
			);
			runOnlyForDeploymentPostprocessing = 0;
		};
		5315ED9C0D8D6F47001E3B2E /* Sources */ = {
			isa = PBXSourcesBuildPhase;
			buildActionMask = 2147483647;
			files = (
				5315EDB30D8D6F7C001E3B2E /* SBMutableReversiState.m in Sources */,
				5315EDB50D8D6F7D001E3B2E /* SBReversiState.m in Sources */,
			);
			runOnlyForDeploymentPostprocessing = 0;
		};
		5315EDA90D8D6F68001E3B2E /* Sources */ = {
			isa = PBXSourcesBuildPhase;
			buildActionMask = 2147483647;
			files = (
				5315EDB60D8D6F82001E3B2E /* TTTMutableState.m in Sources */,
				5315EDB80D8D6F83001E3B2E /* TTTState.m in Sources */,
			);
			runOnlyForDeploymentPostprocessing = 0;
		};
		8DC2EF540486A6940098B216 /* Sources */ = {
			isa = PBXSourcesBuildPhase;
			buildActionMask = 2147483647;
			files = (
				5315ED840D8D6EB6001E3B2E /* SBAlphaBeta.m in Sources */,
			);
			runOnlyForDeploymentPostprocessing = 0;
		};
/* End PBXSourcesBuildPhase section */

/* Begin PBXTargetDependency section */
		5315ED960D8D6ED0001E3B2E /* PBXTargetDependency */ = {
			isa = PBXTargetDependency;
			target = 8DC2EF4F0486A6940098B216 /* AlphaBeta */;
			targetProxy = 5315ED950D8D6ED0001E3B2E /* PBXContainerItemProxy */;
		};
		5315EDA60D8D6F50001E3B2E /* PBXTargetDependency */ = {
			isa = PBXTargetDependency;
			target = 8DC2EF4F0486A6940098B216 /* AlphaBeta */;
			targetProxy = 5315EDA50D8D6F50001E3B2E /* PBXContainerItemProxy */;
		};
		5315EDB20D8D6F6E001E3B2E /* PBXTargetDependency */ = {
			isa = PBXTargetDependency;
			target = 8DC2EF4F0486A6940098B216 /* AlphaBeta */;
			targetProxy = 5315EDB10D8D6F6E001E3B2E /* PBXContainerItemProxy */;
		};
		5315EDDD0D8D7970001E3B2E /* PBXTargetDependency */ = {
			isa = PBXTargetDependency;
			target = 5315ED9E0D8D6F47001E3B2E /* Reversi */;
			targetProxy = 5315EDDC0D8D7970001E3B2E /* PBXContainerItemProxy */;
		};
		5315EDDF0D8D7972001E3B2E /* PBXTargetDependency */ = {
			isa = PBXTargetDependency;
			target = 5315EDAB0D8D6F68001E3B2E /* TicTacToe */;
			targetProxy = 5315EDDE0D8D7972001E3B2E /* PBXContainerItemProxy */;
		};
/* End PBXTargetDependency section */

/* Begin PBXVariantGroup section */
		089C1666FE841158C02AAC07 /* InfoPlist.strings */ = {
			isa = PBXVariantGroup;
			children = (
				089C1667FE841158C02AAC07 /* English */,
			);
			name = InfoPlist.strings;
			sourceTree = "<group>";
		};
/* End PBXVariantGroup section */

/* Begin XCBuildConfiguration section */
		1DEB91AE08733DA50010E9CD /* Debug */ = {
			isa = XCBuildConfiguration;
			buildSettings = {
				COPY_PHASE_STRIP = NO;
				DYLIB_COMPATIBILITY_VERSION = 1;
				DYLIB_CURRENT_VERSION = 1;
				FRAMEWORK_VERSION = A;
				GCC_C_LANGUAGE_STANDARD = gnu99;
				GCC_DYNAMIC_NO_PIC = NO;
				GCC_ENABLE_FIX_AND_CONTINUE = YES;
				GCC_MODEL_TUNING = G5;
				GCC_OPTIMIZATION_LEVEL = 0;
				GCC_PRECOMPILE_PREFIX_HEADER = YES;
				GCC_PREFIX_HEADER = AlphaBeta_Prefix.pch;
				INFOPLIST_FILE = Info.plist;
				INSTALL_PATH = "$(HOME)/Library/Frameworks";
				PRODUCT_NAME = AlphaBeta;
				WRAPPER_EXTENSION = framework;
				ZERO_LINK = YES;
			};
			name = Debug;
		};
		1DEB91AF08733DA50010E9CD /* Release */ = {
			isa = XCBuildConfiguration;
			buildSettings = {
				DEBUG_INFORMATION_FORMAT = "dwarf-with-dsym";
				DYLIB_COMPATIBILITY_VERSION = 1;
				DYLIB_CURRENT_VERSION = 1;
				FRAMEWORK_VERSION = A;
				GCC_C_LANGUAGE_STANDARD = gnu99;
				GCC_MODEL_TUNING = G5;
				GCC_PRECOMPILE_PREFIX_HEADER = YES;
				GCC_PREFIX_HEADER = AlphaBeta_Prefix.pch;
				INFOPLIST_FILE = Info.plist;
				INSTALL_PATH = "$(HOME)/Library/Frameworks";
				PRODUCT_NAME = AlphaBeta;
				WRAPPER_EXTENSION = framework;
			};
			name = Release;
		};
		1DEB91B208733DA50010E9CD /* Debug */ = {
			isa = XCBuildConfiguration;
			buildSettings = {
				GCC_WARN_ABOUT_RETURN_TYPE = YES;
				GCC_WARN_UNUSED_VARIABLE = YES;
				PREBINDING = NO;
				SDKROOT = "$(DEVELOPER_SDK_DIR)/MacOSX10.5.sdk";
			};
			name = Debug;
		};
		1DEB91B308733DA50010E9CD /* Release */ = {
			isa = XCBuildConfiguration;
			buildSettings = {
				ARCHS = (
					ppc,
					i386,
				);
				GCC_WARN_ABOUT_RETURN_TYPE = YES;
				GCC_WARN_UNUSED_VARIABLE = YES;
				PREBINDING = NO;
				SDKROOT = "$(DEVELOPER_SDK_DIR)/MacOSX10.5.sdk";
			};
			name = Release;
		};
		5315ED920D8D6ECC001E3B2E /* Debug */ = {
			isa = XCBuildConfiguration;
			buildSettings = {
				COPY_PHASE_STRIP = NO;
				FRAMEWORK_SEARCH_PATHS = "$(DEVELOPER_LIBRARY_DIR)/Frameworks";
				GCC_C_LANGUAGE_STANDARD = gnu99;
				GCC_DYNAMIC_NO_PIC = NO;
				GCC_ENABLE_FIX_AND_CONTINUE = NO;
				GCC_ENABLE_OBJC_EXCEPTIONS = YES;
				GCC_MODEL_TUNING = G5;
				GCC_OPTIMIZATION_LEVEL = 0;
				GCC_PRECOMPILE_PREFIX_HEADER = YES;
				GCC_PREFIX_HEADER = "$(SYSTEM_LIBRARY_DIR)/Frameworks/Cocoa.framework/Headers/Cocoa.h";
				INFOPLIST_FILE = "Tests-Info.plist";
				INSTALL_PATH = "$(USER_LIBRARY_DIR)/Bundles";
				OTHER_LDFLAGS = (
					"-framework",
					Cocoa,
					"-framework",
					SenTestingKit,
				);
				PREBINDING = NO;
				PRODUCT_NAME = Tests;
				WRAPPER_EXTENSION = octest;
			};
			name = Debug;
		};
		5315ED930D8D6ECC001E3B2E /* Release */ = {
			isa = XCBuildConfiguration;
			buildSettings = {
				COPY_PHASE_STRIP = YES;
				DEBUG_INFORMATION_FORMAT = "dwarf-with-dsym";
				FRAMEWORK_SEARCH_PATHS = "$(DEVELOPER_LIBRARY_DIR)/Frameworks";
				GCC_C_LANGUAGE_STANDARD = gnu99;
				GCC_ENABLE_FIX_AND_CONTINUE = NO;
				GCC_ENABLE_OBJC_EXCEPTIONS = YES;
				GCC_MODEL_TUNING = G5;
				GCC_PRECOMPILE_PREFIX_HEADER = YES;
				GCC_PREFIX_HEADER = "$(SYSTEM_LIBRARY_DIR)/Frameworks/Cocoa.framework/Headers/Cocoa.h";
				INFOPLIST_FILE = "Tests-Info.plist";
				INSTALL_PATH = "$(USER_LIBRARY_DIR)/Bundles";
				OTHER_LDFLAGS = (
					"-framework",
					Cocoa,
					"-framework",
					SenTestingKit,
				);
				PREBINDING = NO;
				PRODUCT_NAME = Tests;
				WRAPPER_EXTENSION = octest;
				ZERO_LINK = NO;
			};
			name = Release;
		};
		5315EDA20D8D6F47001E3B2E /* Debug */ = {
			isa = XCBuildConfiguration;
			buildSettings = {
				COPY_PHASE_STRIP = NO;
				DYLIB_COMPATIBILITY_VERSION = 1;
				DYLIB_CURRENT_VERSION = 1;
				FRAMEWORK_VERSION = A;
				GCC_C_LANGUAGE_STANDARD = gnu99;
				GCC_DYNAMIC_NO_PIC = NO;
				GCC_ENABLE_FIX_AND_CONTINUE = YES;
				GCC_MODEL_TUNING = G5;
				GCC_OPTIMIZATION_LEVEL = 0;
				GCC_PRECOMPILE_PREFIX_HEADER = YES;
				GCC_PREFIX_HEADER = "$(SYSTEM_LIBRARY_DIR)/Frameworks/AppKit.framework/Headers/AppKit.h";
				INFOPLIST_FILE = "Reversi-Info.plist";
				INSTALL_PATH = "$(HOME)/Library/Frameworks";
				OTHER_LDFLAGS = (
					"-framework",
					Foundation,
					"-framework",
					AppKit,
				);
				PREBINDING = NO;
				PRODUCT_NAME = Reversi;
				ZERO_LINK = YES;
			};
			name = Debug;
		};
		5315EDA30D8D6F47001E3B2E /* Release */ = {
			isa = XCBuildConfiguration;
			buildSettings = {
				COPY_PHASE_STRIP = YES;
				DEBUG_INFORMATION_FORMAT = "dwarf-with-dsym";
				DYLIB_COMPATIBILITY_VERSION = 1;
				DYLIB_CURRENT_VERSION = 1;
				FRAMEWORK_VERSION = A;
				GCC_C_LANGUAGE_STANDARD = gnu99;
				GCC_ENABLE_FIX_AND_CONTINUE = NO;
				GCC_MODEL_TUNING = G5;
				GCC_PRECOMPILE_PREFIX_HEADER = YES;
				GCC_PREFIX_HEADER = "$(SYSTEM_LIBRARY_DIR)/Frameworks/AppKit.framework/Headers/AppKit.h";
				INFOPLIST_FILE = "Reversi-Info.plist";
				INSTALL_PATH = "$(HOME)/Library/Frameworks";
				OTHER_LDFLAGS = (
					"-framework",
					Foundation,
					"-framework",
					AppKit,
				);
				PREBINDING = NO;
				PRODUCT_NAME = Reversi;
				ZERO_LINK = NO;
			};
			name = Release;
		};
		5315EDAE0D8D6F69001E3B2E /* Debug */ = {
			isa = XCBuildConfiguration;
			buildSettings = {
				COPY_PHASE_STRIP = NO;
				DYLIB_COMPATIBILITY_VERSION = 1;
				DYLIB_CURRENT_VERSION = 1;
				FRAMEWORK_VERSION = A;
				GCC_C_LANGUAGE_STANDARD = gnu99;
				GCC_DYNAMIC_NO_PIC = NO;
				GCC_ENABLE_FIX_AND_CONTINUE = YES;
				GCC_MODEL_TUNING = G5;
				GCC_OPTIMIZATION_LEVEL = 0;
				GCC_PRECOMPILE_PREFIX_HEADER = YES;
				GCC_PREFIX_HEADER = "$(SYSTEM_LIBRARY_DIR)/Frameworks/AppKit.framework/Headers/AppKit.h";
				INFOPLIST_FILE = "TicTacToe-Info.plist";
				INSTALL_PATH = "$(HOME)/Library/Frameworks";
				OTHER_LDFLAGS = (
					"-framework",
					Foundation,
					"-framework",
					AppKit,
				);
				PREBINDING = NO;
				PRODUCT_NAME = TicTacToe;
				ZERO_LINK = YES;
			};
			name = Debug;
		};
		5315EDAF0D8D6F69001E3B2E /* Release */ = {
			isa = XCBuildConfiguration;
			buildSettings = {
				COPY_PHASE_STRIP = YES;
				DEBUG_INFORMATION_FORMAT = "dwarf-with-dsym";
				DYLIB_COMPATIBILITY_VERSION = 1;
				DYLIB_CURRENT_VERSION = 1;
				FRAMEWORK_VERSION = A;
				GCC_C_LANGUAGE_STANDARD = gnu99;
				GCC_ENABLE_FIX_AND_CONTINUE = NO;
				GCC_MODEL_TUNING = G5;
				GCC_PRECOMPILE_PREFIX_HEADER = YES;
				GCC_PREFIX_HEADER = "$(SYSTEM_LIBRARY_DIR)/Frameworks/AppKit.framework/Headers/AppKit.h";
				INFOPLIST_FILE = "TicTacToe-Info.plist";
				INSTALL_PATH = "$(HOME)/Library/Frameworks";
				OTHER_LDFLAGS = (
					"-framework",
					Foundation,
					"-framework",
					AppKit,
				);
				PREBINDING = NO;
				PRODUCT_NAME = TicTacToe;
				ZERO_LINK = NO;
			};
			name = Release;
		};
/* End XCBuildConfiguration section */

/* Begin XCConfigurationList section */
		1DEB91AD08733DA50010E9CD /* Build configuration list for PBXNativeTarget "AlphaBeta" */ = {
			isa = XCConfigurationList;
			buildConfigurations = (
				1DEB91AE08733DA50010E9CD /* Debug */,
				1DEB91AF08733DA50010E9CD /* Release */,
			);
			defaultConfigurationIsVisible = 0;
			defaultConfigurationName = Release;
		};
		1DEB91B108733DA50010E9CD /* Build configuration list for PBXProject "AlphaBeta" */ = {
			isa = XCConfigurationList;
			buildConfigurations = (
				1DEB91B208733DA50010E9CD /* Debug */,
				1DEB91B308733DA50010E9CD /* Release */,
			);
			defaultConfigurationIsVisible = 0;
			defaultConfigurationName = Release;
		};
		5315ED940D8D6ECC001E3B2E /* Build configuration list for PBXNativeTarget "Tests" */ = {
			isa = XCConfigurationList;
			buildConfigurations = (
				5315ED920D8D6ECC001E3B2E /* Debug */,
				5315ED930D8D6ECC001E3B2E /* Release */,
			);
			defaultConfigurationIsVisible = 0;
			defaultConfigurationName = Release;
		};
		5315EDA40D8D6F47001E3B2E /* Build configuration list for PBXNativeTarget "Reversi" */ = {
			isa = XCConfigurationList;
			buildConfigurations = (
				5315EDA20D8D6F47001E3B2E /* Debug */,
				5315EDA30D8D6F47001E3B2E /* Release */,
			);
			defaultConfigurationIsVisible = 0;
			defaultConfigurationName = Release;
		};
		5315EDB00D8D6F69001E3B2E /* Build configuration list for PBXNativeTarget "TicTacToe" */ = {
			isa = XCConfigurationList;
			buildConfigurations = (
				5315EDAE0D8D6F69001E3B2E /* Debug */,
				5315EDAF0D8D6F69001E3B2E /* Release */,
			);
			defaultConfigurationIsVisible = 0;
			defaultConfigurationName = Release;
		};
/* End XCConfigurationList section */
	};
	rootObject = 0867D690FE84028FC02AAC07 /* Project object */;
}
